
Microsoft Visual Studio Solution File, Format Version 12.00
# Visual Studio Version 17
VisualStudioVersion = 17.12.35521.163
MinimumVisualStudioVersion = 10.0.40219.1
Project("{FAE04EC0-301F-11D3-BF4B-00C04F79EFBC}") = "RegistrationForm", "RegistrationForm\RegistrationForm.csproj", "{D4F85E60-9094-4571-94AB-2B7F84E55A93}"
EndProject
Project("{FAE04EC0-301F-11D3-BF4B-00C04F79EFBC}") = "TemplateRegistrationForm", "TemplateRegistrationForm\TemplateRegistrationForm.csproj", "{A588BBAB-CA7F-459A-BB72-B34EE7507C14}"
EndProject
Global
	GlobalSection(SolutionConfigurationPlatforms) = preSolution
		Debug|Any CPU = Debug|Any CPU
		Release|Any CPU = Release|Any CPU
	EndGlobalSection
	GlobalSection(ProjectConfigurationPlatforms) = postSolution
		{D4F85E60-9094-4571-94AB-2B7F84E55A93}.Debug|Any CPU.ActiveCfg = Debug|Any CPU
		{D4F85E60-9094-4571-94AB-2B7F84E55A93}.Debug|Any CPU.Build.0 = Debug|Any CPU
		{D4F85E60-9094-4571-94AB-2B7F84E55A93}.Release|Any CPU.ActiveCfg = Release|Any CPU
		{D4F85E60-9094-4571-94AB-2B7F84E55A93}.Release|Any CPU.Build.0 = Release|Any CPU
		{A588BBAB-CA7F-459A-BB72-B34EE7507C14}.Debug|Any CPU.ActiveCfg = Debug|Any CPU
		{A588BBAB-CA7F-459A-BB72-B34EE7507C14}.Debug|Any CPU.Build.0 = Debug|Any CPU
		{A588BBAB-CA7F-459A-BB72-B34EE7507C14}.Release|Any CPU.ActiveCfg = Release|Any CPU
		{A588BBAB-CA7F-459A-BB72-B34EE7507C14}.Release|Any CPU.Build.0 = Release|Any CPU
	EndGlobalSection
	GlobalSection(SolutionProperties) = preSolution
		HideSolutionNode = FALSE
	EndGlobalSection
EndGlobal
