
Microsoft Visual Studio Solution File, Format Version 12.00
# Visual Studio Version 17
VisualStudioVersion = 17.7.34221.43
MinimumVisualStudioVersion = 10.0.40219.1
Project("{FAE04EC0-301F-11D3-BF4B-00C04F79EFBC}") = "LanguageSwitching", "LanguageSwitching\LanguageSwitching.csproj", "{61C64FD7-90FD-4469-8982-DCA9E892A717}"
EndProject
Global
	GlobalSection(SolutionConfigurationPlatforms) = preSolution
		Debug|Any CPU = Debug|Any CPU
		Release|Any CPU = Release|Any CPU
	EndGlobalSection
	GlobalSection(ProjectConfigurationPlatforms) = postSolution
		{61C64FD7-90FD-4469-8982-DCA9E892A717}.Debug|Any CPU.ActiveCfg = Debug|Any CPU
		{61C64FD7-90FD-4469-8982-DCA9E892A717}.Debug|Any CPU.Build.0 = Debug|Any CPU
		{61C64FD7-90FD-4469-8982-DCA9E892A717}.Release|Any CPU.ActiveCfg = Release|Any CPU
		{61C64FD7-90FD-4469-8982-DCA9E892A717}.Release|Any CPU.Build.0 = Release|Any CPU
	EndGlobalSection
	GlobalSection(SolutionProperties) = preSolution
		HideSolutionNode = FALSE
	EndGlobalSection
	GlobalSection(ExtensibilityGlobals) = postSolution
		SolutionGuid = {B505126F-89E4-47DC-B1D4-452E0EF4D259}
	EndGlobalSection
EndGlobal
