
Microsoft Visual Studio Solution File, Format Version 12.00
# Visual Studio Version 17
VisualStudioVersion = 17.7.34221.43
MinimumVisualStudioVersion = 10.0.40219.1
Project("{FAE04EC0-301F-11D3-BF4B-00C04F79EFBC}") = "TestEventAggregator", "TestEventAggregator\TestEventAggregator.csproj", "{7B084A27-24B2-45A1-BA03-58A1912DB682}"
EndProject
Global
	GlobalSection(SolutionConfigurationPlatforms) = preSolution
		Debug|Any CPU = Debug|Any CPU
		Release|Any CPU = Release|Any CPU
	EndGlobalSection
	GlobalSection(ProjectConfigurationPlatforms) = postSolution
		{7B084A27-24B2-45A1-BA03-58A1912DB682}.Debug|Any CPU.ActiveCfg = Debug|Any CPU
		{7B084A27-24B2-45A1-BA03-58A1912DB682}.Debug|Any CPU.Build.0 = Debug|Any CPU
		{7B084A27-24B2-45A1-BA03-58A1912DB682}.Release|Any CPU.ActiveCfg = Release|Any CPU
		{7B084A27-24B2-45A1-BA03-58A1912DB682}.Release|Any CPU.Build.0 = Release|Any CPU
	EndGlobalSection
	GlobalSection(SolutionProperties) = preSolution
		HideSolutionNode = FALSE
	EndGlobalSection
	GlobalSection(ExtensibilityGlobals) = postSolution
		SolutionGuid = {A90FF315-A1ED-49E2-BF39-FEDF5FE524CC}
	EndGlobalSection
EndGlobal
